// !$*UTF8*$!
{
	archiveVersion = 1;
	classes = {
	};
	objectVersion = 46;
	objects = {

/* Begin PBXBuildFile section */
		73D8B5F51E47EA9B00AD2605 /* AppDelegate.swift in Sources */ = {isa = PBXBuildFile; fileRef = 73D8B5F41E47EA9B00AD2605 /* AppDelegate.swift */; };
		73D8B5FA1E47EA9B00AD2605 /* Main.storyboard in Resources */ = {isa = PBXBuildFile; fileRef = 73D8B5F81E47EA9B00AD2605 /* Main.storyboard */; };
		73D8B5FC1E47EA9B00AD2605 /* Assets.xcassets in Resources */ = {isa = PBXBuildFile; fileRef = 73D8B5FB1E47EA9B00AD2605 /* Assets.xcassets */; };
		73D8B5FF1E47EA9B00AD2605 /* LaunchScreen.storyboard in Resources */ = {isa = PBXBuildFile; fileRef = 73D8B5FD1E47EA9B00AD2605 /* LaunchScreen.storyboard */; };
		73D8B6091E47EF9500AD2605 /* Note.swift in Sources */ = {isa = PBXBuildFile; fileRef = 73D8B6081E47EF9500AD2605 /* Note.swift */; };
		73D8B60B1E47EFA000AD2605 /* NoteController.swift in Sources */ = {isa = PBXBuildFile; fileRef = 73D8B60A1E47EFA000AD2605 /* NoteController.swift */; };
		73D8B60D1E47EFAE00AD2605 /* NoteTableViewController.swift in Sources */ = {isa = PBXBuildFile; fileRef = 73D8B60C1E47EFAE00AD2605 /* NoteTableViewController.swift */; };
		73D8B60F1E47EFBC00AD2605 /* NoteDetailViewController.swift in Sources */ = {isa = PBXBuildFile; fileRef = 73D8B60E1E47EFBC00AD2605 /* NoteDetailViewController.swift */; };
/* End PBXBuildFile section */

/* Begin PBXFileReference section */
		73D8B5F11E47EA9B00AD2605 /* NotesPartTwoPractice.app */ = {isa = PBXFileReference; explicitFileType = wrapper.application; includeInIndex = 0; path = NotesPartTwoPractice.app; sourceTree = BUILT_PRODUCTS_DIR; };
		73D8B5F41E47EA9B00AD2605 /* AppDelegate.swift */ = {isa = PBXFileReference; lastKnownFileType = sourcecode.swift; name = AppDelegate.swift; path = NotesPartTwoPractice/AppDelegate.swift; sourceTree = "<group>"; };
		73D8B5F91E47EA9B00AD2605 /* Base */ = {isa = PBXFileReference; lastKnownFileType = file.storyboard; name = Base; path = Base.lproj/Main.storyboard; sourceTree = "<group>"; };
		73D8B5FB1E47EA9B00AD2605 /* Assets.xcassets */ = {isa = PBXFileReference; lastKnownFileType = folder.assetcatalog; name = Assets.xcassets; path = NotesPartTwoPractice/Assets.xcassets; sourceTree = "<group>"; };
		73D8B5FE1E47EA9B00AD2605 /* Base */ = {isa = PBXFileReference; lastKnownFileType = file.storyboard; name = Base; path = Base.lproj/LaunchScreen.storyboard; sourceTree = "<group>"; };
		73D8B6001E47EA9B00AD2605 /* Info.plist */ = {isa = PBXFileReference; lastKnownFileType = text.plist.xml; name = Info.plist; path = NotesPartTwoPractice/Info.plist; sourceTree = "<group>"; };
		73D8B6081E47EF9500AD2605 /* Note.swift */ = {isa = PBXFileReference; fileEncoding = 4; lastKnownFileType = sourcecode.swift; path = Note.swift; sourceTree = "<group>"; };
		73D8B60A1E47EFA000AD2605 /* NoteController.swift */ = {isa = PBXFileReference; fileEncoding = 4; lastKnownFileType = sourcecode.swift; path = NoteController.swift; sourceTree = "<group>"; };
		73D8B60C1E47EFAE00AD2605 /* NoteTableViewController.swift */ = {isa = PBXFileReference; fileEncoding = 4; lastKnownFileType = sourcecode.swift; path = NoteTableViewController.swift; sourceTree = "<group>"; };
		73D8B60E1E47EFBC00AD2605 /* NoteDetailViewController.swift */ = {isa = PBXFileReference; fileEncoding = 4; lastKnownFileType = sourcecode.swift; path = NoteDetailViewController.swift; sourceTree = "<group>"; };
/* End PBXFileReference section */

/* Begin PBXFrameworksBuildPhase section */
		73D8B5EE1E47EA9B00AD2605 /* Frameworks */ = {
			isa = PBXFrameworksBuildPhase;
			buildActionMask = 2147483647;
			files = (
			);
			runOnlyForDeploymentPostprocessing = 0;
		};
/* End PBXFrameworksBuildPhase section */

/* Begin PBXGroup section */
		73D8B5E81E47EA9B00AD2605 = {
			isa = PBXGroup;
			children = (
				73D8B6071E47EF7E00AD2605 /* LoveIt */,
				73D8B5F31E47EA9B00AD2605 /* NotesPartTwoPractice */,
				73D8B6061E47EB1100AD2605 /* Stuff  */,
			);
			sourceTree = "<group>";
		};
		73D8B5F21E47EA9B00AD2605 /* Products */ = {
			isa = PBXGroup;
			children = (
				73D8B5F41E47EA9B00AD2605 /* AppDelegate.swift */,
				73D8B5F11E47EA9B00AD2605 /* NotesPartTwoPractice.app */,
			);
			name = Products;
			sourceTree = "<group>";
		};
		73D8B5F31E47EA9B00AD2605 /* NotesPartTwoPractice */ = {
			isa = PBXGroup;
			children = (
				73D8B5F81E47EA9B00AD2605 /* Main.storyboard */,
			);
			path = NotesPartTwoPractice;
			sourceTree = "<group>";
		};
		73D8B6061E47EB1100AD2605 /* Stuff  */ = {
			isa = PBXGroup;
			children = (
				73D8B6001E47EA9B00AD2605 /* Info.plist */,
				73D8B5FB1E47EA9B00AD2605 /* Assets.xcassets */,
				73D8B5FD1E47EA9B00AD2605 /* LaunchScreen.storyboard */,
				73D8B5F21E47EA9B00AD2605 /* Products */,
			);
			name = "Stuff ";
			sourceTree = "<group>";
		};
		73D8B6071E47EF7E00AD2605 /* LoveIt */ = {
			isa = PBXGroup;
			children = (
				73D8B6081E47EF9500AD2605 /* Note.swift */,
				73D8B60A1E47EFA000AD2605 /* NoteController.swift */,
				73D8B60C1E47EFAE00AD2605 /* NoteTableViewController.swift */,
				73D8B60E1E47EFBC00AD2605 /* NoteDetailViewController.swift */,
			);
			name = LoveIt;
			sourceTree = "<group>";
		};
/* End PBXGroup section */

/* Begin PBXNativeTarget section */
		73D8B5F01E47EA9B00AD2605 /* NotesPartTwoPractice */ = {
			isa = PBXNativeTarget;
			buildConfigurationList = 73D8B6031E47EA9B00AD2605 /* Build configuration list for PBXNativeTarget "NotesPartTwoPractice" */;
			buildPhases = (
				73D8B5ED1E47EA9B00AD2605 /* Sources */,
				73D8B5EE1E47EA9B00AD2605 /* Frameworks */,
				73D8B5EF1E47EA9B00AD2605 /* Resources */,
			);
			buildRules = (
			);
			dependencies = (
			);
			name = NotesPartTwoPractice;
			productName = NotesPartTwoPractice;
			productReference = 73D8B5F11E47EA9B00AD2605 /* NotesPartTwoPractice.app */;
			productType = "com.apple.product-type.application";
		};
/* End PBXNativeTarget section */

/* Begin PBXProject section */
		73D8B5E91E47EA9B00AD2605 /* Project object */ = {
			isa = PBXProject;
			attributes = {
				LastSwiftUpdateCheck = 0810;
				LastUpgradeCheck = 0810;
				ORGANIZATIONNAME = "Josh McDonald";
				TargetAttributes = {
					73D8B5F01E47EA9B00AD2605 = {
						CreatedOnToolsVersion = 8.1;
						ProvisioningStyle = Automatic;
					};
				};
			};
			buildConfigurationList = 73D8B5EC1E47EA9B00AD2605 /* Build configuration list for PBXProject "NotesPartTwoPractice" */;
			compatibilityVersion = "Xcode 3.2";
			developmentRegion = English;
			hasScannedForEncodings = 0;
			knownRegions = (
				en,
				Base,
			);
			mainGroup = 73D8B5E81E47EA9B00AD2605;
			productRefGroup = 73D8B5F21E47EA9B00AD2605 /* Products */;
			projectDirPath = "";
			projectRoot = "";
			targets = (
				73D8B5F01E47EA9B00AD2605 /* NotesPartTwoPractice */,
			);
		};
/* End PBXProject section */

/* Begin PBXResourcesBuildPhase section */
		73D8B5EF1E47EA9B00AD2605 /* Resources */ = {
			isa = PBXResourcesBuildPhase;
			buildActionMask = 2147483647;
			files = (
				73D8B5FF1E47EA9B00AD2605 /* LaunchScreen.storyboard in Resources */,
				73D8B5FC1E47EA9B00AD2605 /* Assets.xcassets in Resources */,
				73D8B5FA1E47EA9B00AD2605 /* Main.storyboard in Resources */,
			);
			runOnlyForDeploymentPostprocessing = 0;
		};
/* End PBXResourcesBuildPhase section */

/* Begin PBXSourcesBuildPhase section */
		73D8B5ED1E47EA9B00AD2605 /* Sources */ = {
			isa = PBXSourcesBuildPhase;
			buildActionMask = 2147483647;
			files = (
				73D8B5F51E47EA9B00AD2605 /* AppDelegate.swift in Sources */,
				73D8B60D1E47EFAE00AD2605 /* NoteTableViewController.swift in Sources */,
				73D8B60F1E47EFBC00AD2605 /* NoteDetailViewController.swift in Sources */,
				73D8B60B1E47EFA000AD2605 /* NoteController.swift in Sources */,
				73D8B6091E47EF9500AD2605 /* Note.swift in Sources */,
			);
			runOnlyForDeploymentPostprocessing = 0;
		};
/* End PBXSourcesBuildPhase section */

/* Begin PBXVariantGroup section */
		73D8B5F81E47EA9B00AD2605 /* Main.storyboard */ = {
			isa = PBXVariantGroup;
			children = (
				73D8B5F91E47EA9B00AD2605 /* Base */,
			);
			name = Main.storyboard;
			sourceTree = "<group>";
		};
		73D8B5FD1E47EA9B00AD2605 /* LaunchScreen.storyboard */ = {
			isa = PBXVariantGroup;
			children = (
				73D8B5FE1E47EA9B00AD2605 /* Base */,
			);
			name = LaunchScreen.storyboard;
			path = NotesPartTwoPractice;
			sourceTree = "<group>";
		};
/* End PBXVariantGroup section */

/* Begin XCBuildConfiguration section */
		73D8B6011E47EA9B00AD2605 /* Debug */ = {
			isa = XCBuildConfiguration;
			buildSettings = {
				ALWAYS_SEARCH_USER_PATHS = NO;
				CLANG_ANALYZER_NONNULL = YES;
				CLANG_CXX_LANGUAGE_STANDARD = "gnu++0x";
				CLANG_CXX_LIBRARY = "libc++";
				CLANG_ENABLE_MODULES = YES;
				CLANG_ENABLE_OBJC_ARC = YES;
				CLANG_WARN_BOOL_CONVERSION = YES;
				CLANG_WARN_CONSTANT_CONVERSION = YES;
				CLANG_WARN_DIRECT_OBJC_ISA_USAGE = YES_ERROR;
				CLANG_WARN_DOCUMENTATION_COMMENTS = YES;
				CLANG_WARN_EMPTY_BODY = YES;
				CLANG_WARN_ENUM_CONVERSION = YES;
				CLANG_WARN_INFINITE_RECURSION = YES;
				CLANG_WARN_INT_CONVERSION = YES;
				CLANG_WARN_OBJC_ROOT_CLASS = YES_ERROR;
				CLANG_WARN_SUSPICIOUS_MOVES = YES;
				CLANG_WARN_UNREACHABLE_CODE = YES;
				CLANG_WARN__DUPLICATE_METHOD_MATCH = YES;
				"CODE_SIGN_IDENTITY[sdk=iphoneos*]" = "iPhone Developer";
				COPY_PHASE_STRIP = NO;
				DEBUG_INFORMATION_FORMAT = dwarf;
				ENABLE_STRICT_OBJC_MSGSEND = YES;
				ENABLE_TESTABILITY = YES;
				GCC_C_LANGUAGE_STANDARD = gnu99;
				GCC_DYNAMIC_NO_PIC = NO;
				GCC_NO_COMMON_BLOCKS = YES;
				GCC_OPTIMIZATION_LEVEL = 0;
				GCC_PREPROCESSOR_DEFINITIONS = (
					"DEBUG=1",
					"$(inherited)",
				);
				GCC_WARN_64_TO_32_BIT_CONVERSION = YES;
				GCC_WARN_ABOUT_RETURN_TYPE = YES_ERROR;
				GCC_WARN_UNDECLARED_SELECTOR = YES;
				GCC_WARN_UNINITIALIZED_AUTOS = YES_AGGRESSIVE;
				GCC_WARN_UNUSED_FUNCTION = YES;
				GCC_WARN_UNUSED_VARIABLE = YES;
				IPHONEOS_DEPLOYMENT_TARGET = 10.1;
				MTL_ENABLE_DEBUG_INFO = YES;
				ONLY_ACTIVE_ARCH = YES;
				SDKROOT = iphoneos;
				SWIFT_ACTIVE_COMPILATION_CONDITIONS = DEBUG;
				SWIFT_OPTIMIZATION_LEVEL = "-Onone";
				TARGETED_DEVICE_FAMILY = "1,2";
			};
			name = Debug;
		};
		73D8B6021E47EA9B00AD2605 /* Release */ = {
			isa = XCBuildConfiguration;
			buildSettings = {
				ALWAYS_SEARCH_USER_PATHS = NO;
				CLANG_ANALYZER_NONNULL = YES;
				CLANG_CXX_LANGUAGE_STANDARD = "gnu++0x";
				CLANG_CXX_LIBRARY = "libc++";
				CLANG_ENABLE_MODULES = YES;
				CLANG_ENABLE_OBJC_ARC = YES;
				CLANG_WARN_BOOL_CONVERSION = YES;
				CLANG_WARN_CONSTANT_CONVERSION = YES;
				CLANG_WARN_DIRECT_OBJC_ISA_USAGE = YES_ERROR;
				CLANG_WARN_DOCUMENTATION_COMMENTS = YES;
				CLANG_WARN_EMPTY_BODY = YES;
				CLANG_WARN_ENUM_CONVERSION = YES;
				CLANG_WARN_INFINITE_RECURSION = YES;
				CLANG_WARN_INT_CONVERSION = YES;
				CLANG_WARN_OBJC_ROOT_CLASS = YES_ERROR;
				CLANG_WARN_SUSPICIOUS_MOVES = YES;
				CLANG_WARN_UNREACHABLE_CODE = YES;
				CLANG_WARN__DUPLICATE_METHOD_MATCH = YES;
				"CODE_SIGN_IDENTITY[sdk=iphoneos*]" = "iPhone Developer";
				COPY_PHASE_STRIP = NO;
				DEBUG_INFORMATION_FORMAT = "dwarf-with-dsym";
				ENABLE_NS_ASSERTIONS = NO;
				ENABLE_STRICT_OBJC_MSGSEND = YES;
				GCC_C_LANGUAGE_STANDARD = gnu99;
				GCC_NO_COMMON_BLOCKS = YES;
				GCC_WARN_64_TO_32_BIT_CONVERSION = YES;
				GCC_WARN_ABOUT_RETURN_TYPE = YES_ERROR;
				GCC_WARN_UNDECLARED_SELECTOR = YES;
				GCC_WARN_UNINITIALIZED_AUTOS = YES_AGGRESSIVE;
				GCC_WARN_UNUSED_FUNCTION = YES;
				GCC_WARN_UNUSED_VARIABLE = YES;
				IPHONEOS_DEPLOYMENT_TARGET = 10.1;
				MTL_ENABLE_DEBUG_INFO = NO;
				SDKROOT = iphoneos;
				SWIFT_OPTIMIZATION_LEVEL = "-Owholemodule";
				TARGETED_DEVICE_FAMILY = "1,2";
				VALIDATE_PRODUCT = YES;
			};
			name = Release;
		};
		73D8B6041E47EA9B00AD2605 /* Debug */ = {
			isa = XCBuildConfiguration;
			buildSettings = {
				ASSETCATALOG_COMPILER_APPICON_NAME = AppIcon;
				INFOPLIST_FILE = NotesPartTwoPractice/Info.plist;
				LD_RUNPATH_SEARCH_PATHS = "$(inherited) @executable_path/Frameworks";
				PRODUCT_BUNDLE_IDENTIFIER = com.example.NotesPartTwoPractice;
				PRODUCT_NAME = "$(TARGET_NAME)";
				SWIFT_VERSION = 3.0;
			};
			name = Debug;
		};
		73D8B6051E47EA9B00AD2605 /* Release */ = {
			isa = XCBuildConfiguration;
			buildSettings = {
				ASSETCATALOG_COMPILER_APPICON_NAME = AppIcon;
				INFOPLIST_FILE = NotesPartTwoPractice/Info.plist;
				LD_RUNPATH_SEARCH_PATHS = "$(inherited) @executable_path/Frameworks";
				PRODUCT_BUNDLE_IDENTIFIER = com.example.NotesPartTwoPractice;
				PRODUCT_NAME = "$(TARGET_NAME)";
				SWIFT_VERSION = 3.0;
			};
			name = Release;
		};
/* End XCBuildConfiguration section */

/* Begin XCConfigurationList section */
		73D8B5EC1E47EA9B00AD2605 /* Build configuration list for PBXProject "NotesPartTwoPractice" */ = {
			isa = XCConfigurationList;
			buildConfigurations = (
				73D8B6011E47EA9B00AD2605 /* Debug */,
				73D8B6021E47EA9B00AD2605 /* Release */,
			);
			defaultConfigurationIsVisible = 0;
			defaultConfigurationName = Release;
		};
		73D8B6031E47EA9B00AD2605 /* Build configuration list for PBXNativeTarget "NotesPartTwoPractice" */ = {
			isa = XCConfigurationList;
			buildConfigurations = (
				73D8B6041E47EA9B00AD2605 /* Debug */,
				73D8B6051E47EA9B00AD2605 /* Release */,
			);
			defaultConfigurationIsVisible = 0;
			defaultConfigurationName = Release;
		};
/* End XCConfigurationList section */
	};
	rootObject = 73D8B5E91E47EA9B00AD2605 /* Project object */;
}
